
Microsoft Visual Studio Solution File, Format Version 12.00
# Visual Studio 2013
VisualStudioVersion = 12.0.30723.0
MinimumVisualStudioVersion = 10.0.40219.1
Project("{FAE04EC0-301F-11D3-BF4B-00C04F79EFBC}") = "Gamedalf", "Gamedalf\Gamedalf.csproj", "{A9C5D3B5-262C-43B8-8060-D72E11E4FE97}"
EndProject
Project("{FAE04EC0-301F-11D3-BF4B-00C04F79EFBC}") = "Gamedalf.Tests", "Gamedalf.Tests\Gamedalf.Tests.csproj", "{FDE7AD3B-C4A9-41B7-A522-F825D4F509AA}"
EndProject
Project("{FAE04EC0-301F-11D3-BF4B-00C04F79EFBC}") = "Gamedalf.Core", "Gamedalf.Core\Gamedalf.Core.csproj", "{CE20BED5-EAF5-40A9-B699-C2D3918E5D50}"
EndProject
Project("{FAE04EC0-301F-11D3-BF4B-00C04F79EFBC}") = "Gamedalf.Services", "Gamedalf.Services\Gamedalf.Services.csproj", "{2B34338A-015A-4482-AC63-EE66ECB0AB16}"
EndProject
Global
	GlobalSection(SolutionConfigurationPlatforms) = preSolution
		Debug|Any CPU = Debug|Any CPU
		Release|Any CPU = Release|Any CPU
	EndGlobalSection
	GlobalSection(ProjectConfigurationPlatforms) = postSolution
		{A9C5D3B5-262C-43B8-8060-D72E11E4FE97}.Debug|Any CPU.ActiveCfg = Debug|Any CPU
		{A9C5D3B5-262C-43B8-8060-D72E11E4FE97}.Debug|Any CPU.Build.0 = Debug|Any CPU
		{A9C5D3B5-262C-43B8-8060-D72E11E4FE97}.Release|Any CPU.ActiveCfg = Release|Any CPU
		{A9C5D3B5-262C-43B8-8060-D72E11E4FE97}.Release|Any CPU.Build.0 = Release|Any CPU
		{FDE7AD3B-C4A9-41B7-A522-F825D4F509AA}.Debug|Any CPU.ActiveCfg = Debug|Any CPU
		{FDE7AD3B-C4A9-41B7-A522-F825D4F509AA}.Debug|Any CPU.Build.0 = Debug|Any CPU
		{FDE7AD3B-C4A9-41B7-A522-F825D4F509AA}.Release|Any CPU.ActiveCfg = Release|Any CPU
		{FDE7AD3B-C4A9-41B7-A522-F825D4F509AA}.Release|Any CPU.Build.0 = Release|Any CPU
		{CE20BED5-EAF5-40A9-B699-C2D3918E5D50}.Debug|Any CPU.ActiveCfg = Debug|Any CPU
		{CE20BED5-EAF5-40A9-B699-C2D3918E5D50}.Debug|Any CPU.Build.0 = Debug|Any CPU
		{CE20BED5-EAF5-40A9-B699-C2D3918E5D50}.Release|Any CPU.ActiveCfg = Release|Any CPU
		{CE20BED5-EAF5-40A9-B699-C2D3918E5D50}.Release|Any CPU.Build.0 = Release|Any CPU
		{2B34338A-015A-4482-AC63-EE66ECB0AB16}.Debug|Any CPU.ActiveCfg = Debug|Any CPU
		{2B34338A-015A-4482-AC63-EE66ECB0AB16}.Debug|Any CPU.Build.0 = Debug|Any CPU
		{2B34338A-015A-4482-AC63-EE66ECB0AB16}.Release|Any CPU.ActiveCfg = Release|Any CPU
		{2B34338A-015A-4482-AC63-EE66ECB0AB16}.Release|Any CPU.Build.0 = Release|Any CPU
	EndGlobalSection
	GlobalSection(SolutionProperties) = preSolution
		HideSolutionNode = FALSE
	EndGlobalSection
EndGlobal
